
Microsoft Visual Studio Solution File, Format Version 12.00
# Visual Studio Version 16
VisualStudioVersion = 16.0.29020.237
MinimumVisualStudioVersion = 10.0.40219.1
Project("{FAE04EC0-301F-11D3-BF4B-00C04F79EFBC}") = "TopTenPops", "TopTenPops\TopTenPops.csproj", "{8FC68EB5-4876-4464-97A4-DDBCCBD03090}"
EndProject
Global
	GlobalSection(SolutionConfigurationPlatforms) = preSolution
		Debug|Any CPU = Debug|Any CPU
		Release|Any CPU = Release|Any CPU
	EndGlobalSection
	GlobalSection(ProjectConfigurationPlatforms) = postSolution
		{8FC68EB5-4876-4464-97A4-DDBCCBD03090}.Debug|Any CPU.ActiveCfg = Debug|Any CPU
		{8FC68EB5-4876-4464-97A4-DDBCCBD03090}.Debug|Any CPU.Build.0 = Debug|Any CPU
		{8FC68EB5-4876-4464-97A4-DDBCCBD03090}.Release|Any CPU.ActiveCfg = Release|Any CPU
		{8FC68EB5-4876-4464-97A4-DDBCCBD03090}.Release|Any CPU.Build.0 = Release|Any CPU
	EndGlobalSection
	GlobalSection(SolutionProperties) = preSolution
		HideSolutionNode = FALSE
	EndGlobalSection
	GlobalSection(ExtensibilityGlobals) = postSolution
		SolutionGuid = {B8555ECF-A549-4F96-812C-013A3C27FCD4}
	EndGlobalSection
EndGlobal
